// !$*UTF8*$!
{
	archiveVersion = 1;
	classes = {
	};
	objectVersion = 52;
	objects = {

/* Begin PBXBuildFile section */
		49DEF35F2642D56800FD342D /* AppDelegate.swift in Sources */ = {isa = PBXBuildFile; fileRef = 49DEF35E2642D56800FD342D /* AppDelegate.swift */; };
		49DEF3612642D56800FD342D /* ViewController.swift in Sources */ = {isa = PBXBuildFile; fileRef = 49DEF3602642D56800FD342D /* ViewController.swift */; };
		49DEF3632642D56900FD342D /* Assets.xcassets in Resources */ = {isa = PBXBuildFile; fileRef = 49DEF3622642D56900FD342D /* Assets.xcassets */; };
		49DEF3662642D56900FD342D /* Main.storyboard in Resources */ = {isa = PBXBuildFile; fileRef = 49DEF3642642D56900FD342D /* Main.storyboard */; };
		49DEF3722642D56900FD342D /* SwiftDiagramTests.swift in Sources */ = {isa = PBXBuildFile; fileRef = 49DEF3712642D56900FD342D /* SwiftDiagramTests.swift */; };
		49DEF37D2642D56900FD342D /* SwiftDiagramUITests.swift in Sources */ = {isa = PBXBuildFile; fileRef = 49DEF37C2642D56900FD342D /* SwiftDiagramUITests.swift */; };
		49DEF38C2642D81700FD342D /* FilePicker.swift in Sources */ = {isa = PBXBuildFile; fileRef = 49DEF38A2642D81700FD342D /* FilePicker.swift */; };
		49DEF38D2642D81700FD342D /* SwiftViewer.swift in Sources */ = {isa = PBXBuildFile; fileRef = 49DEF38B2642D81700FD342D /* SwiftViewer.swift */; };
		49DEF3922642D89400FD342D /* SwiftSyntax in Frameworks */ = {isa = PBXBuildFile; productRef = 49DEF3912642D89400FD342D /* SwiftSyntax */; };
		49DEF3952642D8BB00FD342D /* lib_InternalSwiftSyntaxParser.dylib in Frameworks */ = {isa = PBXBuildFile; fileRef = 49DEF3942642D8BB00FD342D /* lib_InternalSwiftSyntaxParser.dylib */; };
		49DEF3962642D8BB00FD342D /* lib_InternalSwiftSyntaxParser.dylib in Embed Libraries */ = {isa = PBXBuildFile; fileRef = 49DEF3942642D8BB00FD342D /* lib_InternalSwiftSyntaxParser.dylib */; settings = {ATTRIBUTES = (CodeSignOnCopy, ); }; };
		49DEF3992642E72300FD342D /* RoundedTextView.swift in Sources */ = {isa = PBXBuildFile; fileRef = 49DEF3982642E72300FD342D /* RoundedTextView.swift */; };
		49E8FE0E264C15AC00FF60B5 /* DraggableView.swift in Sources */ = {isa = PBXBuildFile; fileRef = 49E8FE0D264C15AC00FF60B5 /* DraggableView.swift */; };
		49ED0F88264971A400A9C9FC /* SwiftNode.swift in Sources */ = {isa = PBXBuildFile; fileRef = 49ED0F87264971A400A9C9FC /* SwiftNode.swift */; };
		49ED0F8B264ABE0400A9C9FC /* CanvasCoordinator.swift in Sources */ = {isa = PBXBuildFile; fileRef = 49ED0F8A264ABE0400A9C9FC /* CanvasCoordinator.swift */; };
/* End PBXBuildFile section */

/* Begin PBXContainerItemProxy section */
		49DEF36E2642D56900FD342D /* PBXContainerItemProxy */ = {
			isa = PBXContainerItemProxy;
			containerPortal = 49DEF3532642D56800FD342D /* Project object */;
			proxyType = 1;
			remoteGlobalIDString = 49DEF35A2642D56800FD342D;
			remoteInfo = SwiftDiagram;
		};
		49DEF3792642D56900FD342D /* PBXContainerItemProxy */ = {
			isa = PBXContainerItemProxy;
			containerPortal = 49DEF3532642D56800FD342D /* Project object */;
			proxyType = 1;
			remoteGlobalIDString = 49DEF35A2642D56800FD342D;
			remoteInfo = SwiftDiagram;
		};
/* End PBXContainerItemProxy section */

/* Begin PBXCopyFilesBuildPhase section */
		49DEF3972642D8BB00FD342D /* Embed Libraries */ = {
			isa = PBXCopyFilesBuildPhase;
			buildActionMask = 2147483647;
			dstPath = "";
			dstSubfolderSpec = 10;
			files = (
				49DEF3962642D8BB00FD342D /* lib_InternalSwiftSyntaxParser.dylib in Embed Libraries */,
			);
			name = "Embed Libraries";
			runOnlyForDeploymentPostprocessing = 0;
		};
/* End PBXCopyFilesBuildPhase section */

/* Begin PBXFileReference section */
		49DEF35B2642D56800FD342D /* SwiftDiagram.app */ = {isa = PBXFileReference; explicitFileType = wrapper.application; includeInIndex = 0; path = SwiftDiagram.app; sourceTree = BUILT_PRODUCTS_DIR; };
		49DEF35E2642D56800FD342D /* AppDelegate.swift */ = {isa = PBXFileReference; lastKnownFileType = sourcecode.swift; path = AppDelegate.swift; sourceTree = "<group>"; };
		49DEF3602642D56800FD342D /* ViewController.swift */ = {isa = PBXFileReference; lastKnownFileType = sourcecode.swift; path = ViewController.swift; sourceTree = "<group>"; };
		49DEF3622642D56900FD342D /* Assets.xcassets */ = {isa = PBXFileReference; lastKnownFileType = folder.assetcatalog; path = Assets.xcassets; sourceTree = "<group>"; };
		49DEF3652642D56900FD342D /* Base */ = {isa = PBXFileReference; lastKnownFileType = file.storyboard; name = Base; path = Base.lproj/Main.storyboard; sourceTree = "<group>"; };
		49DEF3672642D56900FD342D /* Info.plist */ = {isa = PBXFileReference; lastKnownFileType = text.plist.xml; path = Info.plist; sourceTree = "<group>"; };
		49DEF3682642D56900FD342D /* SwiftDiagram.entitlements */ = {isa = PBXFileReference; lastKnownFileType = text.plist.entitlements; path = SwiftDiagram.entitlements; sourceTree = "<group>"; };
		49DEF36D2642D56900FD342D /* SwiftDiagramTests.xctest */ = {isa = PBXFileReference; explicitFileType = wrapper.cfbundle; includeInIndex = 0; path = SwiftDiagramTests.xctest; sourceTree = BUILT_PRODUCTS_DIR; };
		49DEF3712642D56900FD342D /* SwiftDiagramTests.swift */ = {isa = PBXFileReference; lastKnownFileType = sourcecode.swift; path = SwiftDiagramTests.swift; sourceTree = "<group>"; };
		49DEF3732642D56900FD342D /* Info.plist */ = {isa = PBXFileReference; lastKnownFileType = text.plist.xml; path = Info.plist; sourceTree = "<group>"; };
		49DEF3782642D56900FD342D /* SwiftDiagramUITests.xctest */ = {isa = PBXFileReference; explicitFileType = wrapper.cfbundle; includeInIndex = 0; path = SwiftDiagramUITests.xctest; sourceTree = BUILT_PRODUCTS_DIR; };
		49DEF37C2642D56900FD342D /* SwiftDiagramUITests.swift */ = {isa = PBXFileReference; lastKnownFileType = sourcecode.swift; path = SwiftDiagramUITests.swift; sourceTree = "<group>"; };
		49DEF37E2642D56900FD342D /* Info.plist */ = {isa = PBXFileReference; lastKnownFileType = text.plist.xml; path = Info.plist; sourceTree = "<group>"; };
		49DEF38A2642D81700FD342D /* FilePicker.swift */ = {isa = PBXFileReference; fileEncoding = 4; lastKnownFileType = sourcecode.swift; path = FilePicker.swift; sourceTree = "<group>"; };
		49DEF38B2642D81700FD342D /* SwiftViewer.swift */ = {isa = PBXFileReference; fileEncoding = 4; lastKnownFileType = sourcecode.swift; path = SwiftViewer.swift; sourceTree = "<group>"; };
		49DEF3942642D8BB00FD342D /* lib_InternalSwiftSyntaxParser.dylib */ = {isa = PBXFileReference; lastKnownFileType = "compiled.mach-o.dylib"; name = lib_InternalSwiftSyntaxParser.dylib; path = ../../Desktop/lib_InternalSwiftSyntaxParser.dylib; sourceTree = "<group>"; };
		49DEF3982642E72300FD342D /* RoundedTextView.swift */ = {isa = PBXFileReference; lastKnownFileType = sourcecode.swift; path = RoundedTextView.swift; sourceTree = SOURCE_ROOT; };
		49E8FE0D264C15AC00FF60B5 /* DraggableView.swift */ = {isa = PBXFileReference; lastKnownFileType = sourcecode.swift; path = DraggableView.swift; sourceTree = "<group>"; };
		49ED0F87264971A400A9C9FC /* SwiftNode.swift */ = {isa = PBXFileReference; lastKnownFileType = sourcecode.swift; path = SwiftNode.swift; sourceTree = "<group>"; };
		49ED0F8A264ABE0400A9C9FC /* CanvasCoordinator.swift */ = {isa = PBXFileReference; lastKnownFileType = sourcecode.swift; path = CanvasCoordinator.swift; sourceTree = "<group>"; };
/* End PBXFileReference section */

/* Begin PBXFrameworksBuildPhase section */
		49DEF3582642D56800FD342D /* Frameworks */ = {
			isa = PBXFrameworksBuildPhase;
			buildActionMask = 2147483647;
			files = (
				49DEF3922642D89400FD342D /* SwiftSyntax in Frameworks */,
				49DEF3952642D8BB00FD342D /* lib_InternalSwiftSyntaxParser.dylib in Frameworks */,
			);
			runOnlyForDeploymentPostprocessing = 0;
		};
		49DEF36A2642D56900FD342D /* Frameworks */ = {
			isa = PBXFrameworksBuildPhase;
			buildActionMask = 2147483647;
			files = (
			);
			runOnlyForDeploymentPostprocessing = 0;
		};
		49DEF3752642D56900FD342D /* Frameworks */ = {
			isa = PBXFrameworksBuildPhase;
			buildActionMask = 2147483647;
			files = (
			);
			runOnlyForDeploymentPostprocessing = 0;
		};
/* End PBXFrameworksBuildPhase section */

/* Begin PBXGroup section */
		49DEF3522642D56800FD342D = {
			isa = PBXGroup;
			children = (
				49DEF35D2642D56800FD342D /* SwiftDiagram */,
				49DEF3702642D56900FD342D /* SwiftDiagramTests */,
				49DEF37B2642D56900FD342D /* SwiftDiagramUITests */,
				49DEF35C2642D56800FD342D /* Products */,
				49DEF3932642D8BB00FD342D /* Frameworks */,
			);
			sourceTree = "<group>";
		};
		49DEF35C2642D56800FD342D /* Products */ = {
			isa = PBXGroup;
			children = (
				49DEF35B2642D56800FD342D /* SwiftDiagram.app */,
				49DEF36D2642D56900FD342D /* SwiftDiagramTests.xctest */,
				49DEF3782642D56900FD342D /* SwiftDiagramUITests.xctest */,
			);
			name = Products;
			sourceTree = "<group>";
		};
		49DEF35D2642D56800FD342D /* SwiftDiagram */ = {
			isa = PBXGroup;
			children = (
				49DEF35E2642D56800FD342D /* AppDelegate.swift */,
				49DEF38E2642D81E00FD342D /* Services */,
				49ED0F89264971B600A9C9FC /* Model */,
				49DEF38F2642D82900FD342D /* Views */,
				49DEF3622642D56900FD342D /* Assets.xcassets */,
				49DEF3642642D56900FD342D /* Main.storyboard */,
				49DEF3672642D56900FD342D /* Info.plist */,
				49DEF3682642D56900FD342D /* SwiftDiagram.entitlements */,
			);
			path = SwiftDiagram;
			sourceTree = "<group>";
		};
		49DEF3702642D56900FD342D /* SwiftDiagramTests */ = {
			isa = PBXGroup;
			children = (
				49DEF3712642D56900FD342D /* SwiftDiagramTests.swift */,
				49DEF3732642D56900FD342D /* Info.plist */,
			);
			path = SwiftDiagramTests;
			sourceTree = "<group>";
		};
		49DEF37B2642D56900FD342D /* SwiftDiagramUITests */ = {
			isa = PBXGroup;
			children = (
				49DEF37C2642D56900FD342D /* SwiftDiagramUITests.swift */,
				49DEF37E2642D56900FD342D /* Info.plist */,
			);
			path = SwiftDiagramUITests;
			sourceTree = "<group>";
		};
		49DEF38E2642D81E00FD342D /* Services */ = {
			isa = PBXGroup;
			children = (
				49DEF38A2642D81700FD342D /* FilePicker.swift */,
				49DEF38B2642D81700FD342D /* SwiftViewer.swift */,
				49ED0F8A264ABE0400A9C9FC /* CanvasCoordinator.swift */,
			);
			path = Services;
			sourceTree = "<group>";
		};
		49DEF38F2642D82900FD342D /* Views */ = {
			isa = PBXGroup;
			children = (
				49DEF3602642D56800FD342D /* ViewController.swift */,
				49DEF3982642E72300FD342D /* RoundedTextView.swift */,
				49E8FE0D264C15AC00FF60B5 /* DraggableView.swift */,
			);
			path = Views;
			sourceTree = "<group>";
		};
		49DEF3932642D8BB00FD342D /* Frameworks */ = {
			isa = PBXGroup;
			children = (
				49DEF3942642D8BB00FD342D /* lib_InternalSwiftSyntaxParser.dylib */,
			);
			name = Frameworks;
			sourceTree = "<group>";
		};
		49ED0F89264971B600A9C9FC /* Model */ = {
			isa = PBXGroup;
			children = (
				49ED0F87264971A400A9C9FC /* SwiftNode.swift */,
			);
			path = Model;
			sourceTree = "<group>";
		};
/* End PBXGroup section */

/* Begin PBXNativeTarget section */
		49DEF35A2642D56800FD342D /* SwiftDiagram */ = {
			isa = PBXNativeTarget;
			buildConfigurationList = 49DEF3812642D56900FD342D /* Build configuration list for PBXNativeTarget "SwiftDiagram" */;
			buildPhases = (
				49DEF3572642D56800FD342D /* Sources */,
				49DEF3582642D56800FD342D /* Frameworks */,
				49DEF3592642D56800FD342D /* Resources */,
				49DEF3972642D8BB00FD342D /* Embed Libraries */,
			);
			buildRules = (
			);
			dependencies = (
			);
			name = SwiftDiagram;
			packageProductDependencies = (
				49DEF3912642D89400FD342D /* SwiftSyntax */,
			);
			productName = SwiftDiagram;
			productReference = 49DEF35B2642D56800FD342D /* SwiftDiagram.app */;
			productType = "com.apple.product-type.application";
		};
		49DEF36C2642D56900FD342D /* SwiftDiagramTests */ = {
			isa = PBXNativeTarget;
			buildConfigurationList = 49DEF3842642D56900FD342D /* Build configuration list for PBXNativeTarget "SwiftDiagramTests" */;
			buildPhases = (
				49DEF3692642D56900FD342D /* Sources */,
				49DEF36A2642D56900FD342D /* Frameworks */,
				49DEF36B2642D56900FD342D /* Resources */,
			);
			buildRules = (
			);
			dependencies = (
				49DEF36F2642D56900FD342D /* PBXTargetDependency */,
			);
			name = SwiftDiagramTests;
			productName = SwiftDiagramTests;
			productReference = 49DEF36D2642D56900FD342D /* SwiftDiagramTests.xctest */;
			productType = "com.apple.product-type.bundle.unit-test";
		};
		49DEF3772642D56900FD342D /* SwiftDiagramUITests */ = {
			isa = PBXNativeTarget;
			buildConfigurationList = 49DEF3872642D56900FD342D /* Build configuration list for PBXNativeTarget "SwiftDiagramUITests" */;
			buildPhases = (
				49DEF3742642D56900FD342D /* Sources */,
				49DEF3752642D56900FD342D /* Frameworks */,
				49DEF3762642D56900FD342D /* Resources */,
			);
			buildRules = (
			);
			dependencies = (
				49DEF37A2642D56900FD342D /* PBXTargetDependency */,
			);
			name = SwiftDiagramUITests;
			productName = SwiftDiagramUITests;
			productReference = 49DEF3782642D56900FD342D /* SwiftDiagramUITests.xctest */;
			productType = "com.apple.product-type.bundle.ui-testing";
		};
/* End PBXNativeTarget section */

/* Begin PBXProject section */
		49DEF3532642D56800FD342D /* Project object */ = {
			isa = PBXProject;
			attributes = {
				LastSwiftUpdateCheck = 1250;
				LastUpgradeCheck = 1250;
				TargetAttributes = {
					49DEF35A2642D56800FD342D = {
						CreatedOnToolsVersion = 12.5;
					};
					49DEF36C2642D56900FD342D = {
						CreatedOnToolsVersion = 12.5;
						TestTargetID = 49DEF35A2642D56800FD342D;
					};
					49DEF3772642D56900FD342D = {
						CreatedOnToolsVersion = 12.5;
						TestTargetID = 49DEF35A2642D56800FD342D;
					};
				};
			};
			buildConfigurationList = 49DEF3562642D56800FD342D /* Build configuration list for PBXProject "SwiftDiagram" */;
			compatibilityVersion = "Xcode 9.3";
			developmentRegion = en;
			hasScannedForEncodings = 0;
			knownRegions = (
				en,
				Base,
			);
			mainGroup = 49DEF3522642D56800FD342D;
			packageReferences = (
				49DEF3902642D89400FD342D /* XCRemoteSwiftPackageReference "swift-syntax" */,
			);
			productRefGroup = 49DEF35C2642D56800FD342D /* Products */;
			projectDirPath = "";
			projectRoot = "";
			targets = (
				49DEF35A2642D56800FD342D /* SwiftDiagram */,
				49DEF36C2642D56900FD342D /* SwiftDiagramTests */,
				49DEF3772642D56900FD342D /* SwiftDiagramUITests */,
			);
		};
/* End PBXProject section */

/* Begin PBXResourcesBuildPhase section */
		49DEF3592642D56800FD342D /* Resources */ = {
			isa = PBXResourcesBuildPhase;
			buildActionMask = 2147483647;
			files = (
				49DEF3632642D56900FD342D /* Assets.xcassets in Resources */,
				49DEF3662642D56900FD342D /* Main.storyboard in Resources */,
			);
			runOnlyForDeploymentPostprocessing = 0;
		};
		49DEF36B2642D56900FD342D /* Resources */ = {
			isa = PBXResourcesBuildPhase;
			buildActionMask = 2147483647;
			files = (
			);
			runOnlyForDeploymentPostprocessing = 0;
		};
		49DEF3762642D56900FD342D /* Resources */ = {
			isa = PBXResourcesBuildPhase;
			buildActionMask = 2147483647;
			files = (
			);
			runOnlyForDeploymentPostprocessing = 0;
		};
/* End PBXResourcesBuildPhase section */

/* Begin PBXSourcesBuildPhase section */
		49DEF3572642D56800FD342D /* Sources */ = {
			isa = PBXSourcesBuildPhase;
			buildActionMask = 2147483647;
			files = (
				49DEF38C2642D81700FD342D /* FilePicker.swift in Sources */,
				49DEF3612642D56800FD342D /* ViewController.swift in Sources */,
				49E8FE0E264C15AC00FF60B5 /* DraggableView.swift in Sources */,
				49DEF35F2642D56800FD342D /* AppDelegate.swift in Sources */,
				49ED0F8B264ABE0400A9C9FC /* CanvasCoordinator.swift in Sources */,
				49DEF38D2642D81700FD342D /* SwiftViewer.swift in Sources */,
				49DEF3992642E72300FD342D /* RoundedTextView.swift in Sources */,
				49ED0F88264971A400A9C9FC /* SwiftNode.swift in Sources */,
			);
			runOnlyForDeploymentPostprocessing = 0;
		};
		49DEF3692642D56900FD342D /* Sources */ = {
			isa = PBXSourcesBuildPhase;
			buildActionMask = 2147483647;
			files = (
				49DEF3722642D56900FD342D /* SwiftDiagramTests.swift in Sources */,
			);
			runOnlyForDeploymentPostprocessing = 0;
		};
		49DEF3742642D56900FD342D /* Sources */ = {
			isa = PBXSourcesBuildPhase;
			buildActionMask = 2147483647;
			files = (
				49DEF37D2642D56900FD342D /* SwiftDiagramUITests.swift in Sources */,
			);
			runOnlyForDeploymentPostprocessing = 0;
		};
/* End PBXSourcesBuildPhase section */

/* Begin PBXTargetDependency section */
		49DEF36F2642D56900FD342D /* PBXTargetDependency */ = {
			isa = PBXTargetDependency;
			target = 49DEF35A2642D56800FD342D /* SwiftDiagram */;
			targetProxy = 49DEF36E2642D56900FD342D /* PBXContainerItemProxy */;
		};
		49DEF37A2642D56900FD342D /* PBXTargetDependency */ = {
			isa = PBXTargetDependency;
			target = 49DEF35A2642D56800FD342D /* SwiftDiagram */;
			targetProxy = 49DEF3792642D56900FD342D /* PBXContainerItemProxy */;
		};
/* End PBXTargetDependency section */

/* Begin PBXVariantGroup section */
		49DEF3642642D56900FD342D /* Main.storyboard */ = {
			isa = PBXVariantGroup;
			children = (
				49DEF3652642D56900FD342D /* Base */,
			);
			name = Main.storyboard;
			sourceTree = "<group>";
		};
/* End PBXVariantGroup section */

/* Begin XCBuildConfiguration section */
		49DEF37F2642D56900FD342D /* Debug */ = {
			isa = XCBuildConfiguration;
			buildSettings = {
				ALWAYS_SEARCH_USER_PATHS = NO;
				CLANG_ANALYZER_NONNULL = YES;
				CLANG_ANALYZER_NUMBER_OBJECT_CONVERSION = YES_AGGRESSIVE;
				CLANG_CXX_LANGUAGE_STANDARD = "gnu++14";
				CLANG_CXX_LIBRARY = "libc++";
				CLANG_ENABLE_MODULES = YES;
				CLANG_ENABLE_OBJC_ARC = YES;
				CLANG_ENABLE_OBJC_WEAK = YES;
				CLANG_WARN_BLOCK_CAPTURE_AUTORELEASING = YES;
				CLANG_WARN_BOOL_CONVERSION = YES;
				CLANG_WARN_COMMA = YES;
				CLANG_WARN_CONSTANT_CONVERSION = YES;
				CLANG_WARN_DEPRECATED_OBJC_IMPLEMENTATIONS = YES;
				CLANG_WARN_DIRECT_OBJC_ISA_USAGE = YES_ERROR;
				CLANG_WARN_DOCUMENTATION_COMMENTS = YES;
				CLANG_WARN_EMPTY_BODY = YES;
				CLANG_WARN_ENUM_CONVERSION = YES;
				CLANG_WARN_INFINITE_RECURSION = YES;
				CLANG_WARN_INT_CONVERSION = YES;
				CLANG_WARN_NON_LITERAL_NULL_CONVERSION = YES;
				CLANG_WARN_OBJC_IMPLICIT_RETAIN_SELF = YES;
				CLANG_WARN_OBJC_LITERAL_CONVERSION = YES;
				CLANG_WARN_OBJC_ROOT_CLASS = YES_ERROR;
				CLANG_WARN_QUOTED_INCLUDE_IN_FRAMEWORK_HEADER = YES;
				CLANG_WARN_RANGE_LOOP_ANALYSIS = YES;
				CLANG_WARN_STRICT_PROTOTYPES = YES;
				CLANG_WARN_SUSPICIOUS_MOVE = YES;
				CLANG_WARN_UNGUARDED_AVAILABILITY = YES_AGGRESSIVE;
				CLANG_WARN_UNREACHABLE_CODE = YES;
				CLANG_WARN__DUPLICATE_METHOD_MATCH = YES;
				COPY_PHASE_STRIP = NO;
				DEBUG_INFORMATION_FORMAT = dwarf;
				ENABLE_STRICT_OBJC_MSGSEND = YES;
				ENABLE_TESTABILITY = YES;
				GCC_C_LANGUAGE_STANDARD = gnu11;
				GCC_DYNAMIC_NO_PIC = NO;
				GCC_NO_COMMON_BLOCKS = YES;
				GCC_OPTIMIZATION_LEVEL = 0;
				GCC_PREPROCESSOR_DEFINITIONS = (
					"DEBUG=1",
					"$(inherited)",
				);
				GCC_WARN_64_TO_32_BIT_CONVERSION = YES;
				GCC_WARN_ABOUT_RETURN_TYPE = YES_ERROR;
				GCC_WARN_UNDECLARED_SELECTOR = YES;
				GCC_WARN_UNINITIALIZED_AUTOS = YES_AGGRESSIVE;
				GCC_WARN_UNUSED_FUNCTION = YES;
				GCC_WARN_UNUSED_VARIABLE = YES;
				MACOSX_DEPLOYMENT_TARGET = 11.3;
				MTL_ENABLE_DEBUG_INFO = INCLUDE_SOURCE;
				MTL_FAST_MATH = YES;
				ONLY_ACTIVE_ARCH = YES;
				SDKROOT = macosx;
				SWIFT_ACTIVE_COMPILATION_CONDITIONS = DEBUG;
				SWIFT_OPTIMIZATION_LEVEL = "-Onone";
			};
			name = Debug;
		};
		49DEF3802642D56900FD342D /* Release */ = {
			isa = XCBuildConfiguration;
			buildSettings = {
				ALWAYS_SEARCH_USER_PATHS = NO;
				CLANG_ANALYZER_NONNULL = YES;
				CLANG_ANALYZER_NUMBER_OBJECT_CONVERSION = YES_AGGRESSIVE;
				CLANG_CXX_LANGUAGE_STANDARD = "gnu++14";
				CLANG_CXX_LIBRARY = "libc++";
				CLANG_ENABLE_MODULES = YES;
				CLANG_ENABLE_OBJC_ARC = YES;
				CLANG_ENABLE_OBJC_WEAK = YES;
				CLANG_WARN_BLOCK_CAPTURE_AUTORELEASING = YES;
				CLANG_WARN_BOOL_CONVERSION = YES;
				CLANG_WARN_COMMA = YES;
				CLANG_WARN_CONSTANT_CONVERSION = YES;
				CLANG_WARN_DEPRECATED_OBJC_IMPLEMENTATIONS = YES;
				CLANG_WARN_DIRECT_OBJC_ISA_USAGE = YES_ERROR;
				CLANG_WARN_DOCUMENTATION_COMMENTS = YES;
				CLANG_WARN_EMPTY_BODY = YES;
				CLANG_WARN_ENUM_CONVERSION = YES;
				CLANG_WARN_INFINITE_RECURSION = YES;
				CLANG_WARN_INT_CONVERSION = YES;
				CLANG_WARN_NON_LITERAL_NULL_CONVERSION = YES;
				CLANG_WARN_OBJC_IMPLICIT_RETAIN_SELF = YES;
				CLANG_WARN_OBJC_LITERAL_CONVERSION = YES;
				CLANG_WARN_OBJC_ROOT_CLASS = YES_ERROR;
				CLANG_WARN_QUOTED_INCLUDE_IN_FRAMEWORK_HEADER = YES;
				CLANG_WARN_RANGE_LOOP_ANALYSIS = YES;
				CLANG_WARN_STRICT_PROTOTYPES = YES;
				CLANG_WARN_SUSPICIOUS_MOVE = YES;
				CLANG_WARN_UNGUARDED_AVAILABILITY = YES_AGGRESSIVE;
				CLANG_WARN_UNREACHABLE_CODE = YES;
				CLANG_WARN__DUPLICATE_METHOD_MATCH = YES;
				COPY_PHASE_STRIP = NO;
				DEBUG_INFORMATION_FORMAT = "dwarf-with-dsym";
				ENABLE_NS_ASSERTIONS = NO;
				ENABLE_STRICT_OBJC_MSGSEND = YES;
				GCC_C_LANGUAGE_STANDARD = gnu11;
				GCC_NO_COMMON_BLOCKS = YES;
				GCC_WARN_64_TO_32_BIT_CONVERSION = YES;
				GCC_WARN_ABOUT_RETURN_TYPE = YES_ERROR;
				GCC_WARN_UNDECLARED_SELECTOR = YES;
				GCC_WARN_UNINITIALIZED_AUTOS = YES_AGGRESSIVE;
				GCC_WARN_UNUSED_FUNCTION = YES;
				GCC_WARN_UNUSED_VARIABLE = YES;
				MACOSX_DEPLOYMENT_TARGET = 11.3;
				MTL_ENABLE_DEBUG_INFO = NO;
				MTL_FAST_MATH = YES;
				SDKROOT = macosx;
				SWIFT_COMPILATION_MODE = wholemodule;
				SWIFT_OPTIMIZATION_LEVEL = "-O";
			};
			name = Release;
		};
		49DEF3822642D56900FD342D /* Debug */ = {
			isa = XCBuildConfiguration;
			buildSettings = {
				ASSETCATALOG_COMPILER_APPICON_NAME = AppIcon;
				ASSETCATALOG_COMPILER_GLOBAL_ACCENT_COLOR_NAME = AccentColor;
				CODE_SIGN_ENTITLEMENTS = SwiftDiagram/SwiftDiagram.entitlements;
				CODE_SIGN_STYLE = Automatic;
				COMBINE_HIDPI_IMAGES = YES;
				DEVELOPMENT_TEAM = 7757B4WUKZ;
				ENABLE_HARDENED_RUNTIME = YES;
				INFOPLIST_FILE = SwiftDiagram/Info.plist;
				LD_RUNPATH_SEARCH_PATHS = (
					"$(inherited)",
					"@executable_path/../Frameworks",
				);
				PRODUCT_BUNDLE_IDENTIFIER = com.andrew.SwiftDiagram;
				PRODUCT_NAME = "$(TARGET_NAME)";
				SWIFT_VERSION = 5.0;
			};
			name = Debug;
		};
		49DEF3832642D56900FD342D /* Release */ = {
			isa = XCBuildConfiguration;
			buildSettings = {
				ASSETCATALOG_COMPILER_APPICON_NAME = AppIcon;
				ASSETCATALOG_COMPILER_GLOBAL_ACCENT_COLOR_NAME = AccentColor;
				CODE_SIGN_ENTITLEMENTS = SwiftDiagram/SwiftDiagram.entitlements;
				CODE_SIGN_STYLE = Automatic;
				COMBINE_HIDPI_IMAGES = YES;
				DEVELOPMENT_TEAM = 7757B4WUKZ;
				ENABLE_HARDENED_RUNTIME = YES;
				INFOPLIST_FILE = SwiftDiagram/Info.plist;
				LD_RUNPATH_SEARCH_PATHS = (
					"$(inherited)",
					"@executable_path/../Frameworks",
				);
				PRODUCT_BUNDLE_IDENTIFIER = com.andrew.SwiftDiagram;
				PRODUCT_NAME = "$(TARGET_NAME)";
				SWIFT_VERSION = 5.0;
			};
			name = Release;
		};
		49DEF3852642D56900FD342D /* Debug */ = {
			isa = XCBuildConfiguration;
			buildSettings = {
				ALWAYS_EMBED_SWIFT_STANDARD_LIBRARIES = YES;
				BUNDLE_LOADER = "$(TEST_HOST)";
				CODE_SIGN_STYLE = Automatic;
				COMBINE_HIDPI_IMAGES = YES;
				DEVELOPMENT_TEAM = 7757B4WUKZ;
				INFOPLIST_FILE = SwiftDiagramTests/Info.plist;
				LD_RUNPATH_SEARCH_PATHS = (
					"$(inherited)",
					"@executable_path/../Frameworks",
					"@loader_path/../Frameworks",
				);
				MACOSX_DEPLOYMENT_TARGET = 11.3;
				PRODUCT_BUNDLE_IDENTIFIER = com.andrew.SwiftDiagramTests;
				PRODUCT_NAME = "$(TARGET_NAME)";
				SWIFT_VERSION = 5.0;
				TEST_HOST = "$(BUILT_PRODUCTS_DIR)/SwiftDiagram.app/Contents/MacOS/SwiftDiagram";
			};
			name = Debug;
		};
		49DEF3862642D56900FD342D /* Release */ = {
			isa = XCBuildConfiguration;
			buildSettings = {
				ALWAYS_EMBED_SWIFT_STANDARD_LIBRARIES = YES;
				BUNDLE_LOADER = "$(TEST_HOST)";
				CODE_SIGN_STYLE = Automatic;
				COMBINE_HIDPI_IMAGES = YES;
				DEVELOPMENT_TEAM = 7757B4WUKZ;
				INFOPLIST_FILE = SwiftDiagramTests/Info.plist;
				LD_RUNPATH_SEARCH_PATHS = (
					"$(inherited)",
					"@executable_path/../Frameworks",
					"@loader_path/../Frameworks",
				);
				MACOSX_DEPLOYMENT_TARGET = 11.3;
				PRODUCT_BUNDLE_IDENTIFIER = com.andrew.SwiftDiagramTests;
				PRODUCT_NAME = "$(TARGET_NAME)";
				SWIFT_VERSION = 5.0;
				TEST_HOST = "$(BUILT_PRODUCTS_DIR)/SwiftDiagram.app/Contents/MacOS/SwiftDiagram";
			};
			name = Release;
		};
		49DEF3882642D56900FD342D /* Debug */ = {
			isa = XCBuildConfiguration;
			buildSettings = {
				ALWAYS_EMBED_SWIFT_STANDARD_LIBRARIES = YES;
				CODE_SIGN_STYLE = Automatic;
				COMBINE_HIDPI_IMAGES = YES;
				DEVELOPMENT_TEAM = 7757B4WUKZ;
				INFOPLIST_FILE = SwiftDiagramUITests/Info.plist;
				LD_RUNPATH_SEARCH_PATHS = (
					"$(inherited)",
					"@executable_path/../Frameworks",
					"@loader_path/../Frameworks",
				);
				PRODUCT_BUNDLE_IDENTIFIER = com.andrew.SwiftDiagramUITests;
				PRODUCT_NAME = "$(TARGET_NAME)";
				SWIFT_VERSION = 5.0;
				TEST_TARGET_NAME = SwiftDiagram;
			};
			name = Debug;
		};
		49DEF3892642D56900FD342D /* Release */ = {
			isa = XCBuildConfiguration;
			buildSettings = {
				ALWAYS_EMBED_SWIFT_STANDARD_LIBRARIES = YES;
				CODE_SIGN_STYLE = Automatic;
				COMBINE_HIDPI_IMAGES = YES;
				DEVELOPMENT_TEAM = 7757B4WUKZ;
				INFOPLIST_FILE = SwiftDiagramUITests/Info.plist;
				LD_RUNPATH_SEARCH_PATHS = (
					"$(inherited)",
					"@executable_path/../Frameworks",
					"@loader_path/../Frameworks",
				);
				PRODUCT_BUNDLE_IDENTIFIER = com.andrew.SwiftDiagramUITests;
				PRODUCT_NAME = "$(TARGET_NAME)";
				SWIFT_VERSION = 5.0;
				TEST_TARGET_NAME = SwiftDiagram;
			};
			name = Release;
		};
/* End XCBuildConfiguration section */

/* Begin XCConfigurationList section */
		49DEF3562642D56800FD342D /* Build configuration list for PBXProject "SwiftDiagram" */ = {
			isa = XCConfigurationList;
			buildConfigurations = (
				49DEF37F2642D56900FD342D /* Debug */,
				49DEF3802642D56900FD342D /* Release */,
			);
			defaultConfigurationIsVisible = 0;
			defaultConfigurationName = Release;
		};
		49DEF3812642D56900FD342D /* Build configuration list for PBXNativeTarget "SwiftDiagram" */ = {
			isa = XCConfigurationList;
			buildConfigurations = (
				49DEF3822642D56900FD342D /* Debug */,
				49DEF3832642D56900FD342D /* Release */,
			);
			defaultConfigurationIsVisible = 0;
			defaultConfigurationName = Release;
		};
		49DEF3842642D56900FD342D /* Build configuration list for PBXNativeTarget "SwiftDiagramTests" */ = {
			isa = XCConfigurationList;
			buildConfigurations = (
				49DEF3852642D56900FD342D /* Debug */,
				49DEF3862642D56900FD342D /* Release */,
			);
			defaultConfigurationIsVisible = 0;
			defaultConfigurationName = Release;
		};
		49DEF3872642D56900FD342D /* Build configuration list for PBXNativeTarget "SwiftDiagramUITests" */ = {
			isa = XCConfigurationList;
			buildConfigurations = (
				49DEF3882642D56900FD342D /* Debug */,
				49DEF3892642D56900FD342D /* Release */,
			);
			defaultConfigurationIsVisible = 0;
			defaultConfigurationName = Release;
		};
/* End XCConfigurationList section */

/* Begin XCRemoteSwiftPackageReference section */
		49DEF3902642D89400FD342D /* XCRemoteSwiftPackageReference "swift-syntax" */ = {
			isa = XCRemoteSwiftPackageReference;
			repositoryURL = "https://github.com/apple/swift-syntax";
			requirement = {
				kind = exactVersion;
				version = 0.50400.0;
			};
		};
/* End XCRemoteSwiftPackageReference section */

/* Begin XCSwiftPackageProductDependency section */
		49DEF3912642D89400FD342D /* SwiftSyntax */ = {
			isa = XCSwiftPackageProductDependency;
			package = 49DEF3902642D89400FD342D /* XCRemoteSwiftPackageReference "swift-syntax" */;
			productName = SwiftSyntax;
		};
/* End XCSwiftPackageProductDependency section */
	};
	rootObject = 49DEF3532642D56800FD342D /* Project object */;
}
